
Microsoft Visual Studio Solution File, Format Version 12.00
# Visual Studio Version 17
VisualStudioVersion = 17.1.32328.378
MinimumVisualStudioVersion = 10.0.40219.1
Project("{FAE04EC0-301F-11D3-BF4B-00C04F79EFBC}") = "DEVincar", "DEVincar.csproj", "{DE100572-6326-4E33-B6BF-4633EF7C3F7A}"
EndProject
Global
	GlobalSection(SolutionConfigurationPlatforms) = preSolution
		Debug|Any CPU = Debug|Any CPU
		Release|Any CPU = Release|Any CPU
	EndGlobalSection
	GlobalSection(ProjectConfigurationPlatforms) = postSolution
		{DE100572-6326-4E33-B6BF-4633EF7C3F7A}.Debug|Any CPU.ActiveCfg = Debug|Any CPU
		{DE100572-6326-4E33-B6BF-4633EF7C3F7A}.Debug|Any CPU.Build.0 = Debug|Any CPU
		{DE100572-6326-4E33-B6BF-4633EF7C3F7A}.Release|Any CPU.ActiveCfg = Release|Any CPU
		{DE100572-6326-4E33-B6BF-4633EF7C3F7A}.Release|Any CPU.Build.0 = Release|Any CPU
	EndGlobalSection
	GlobalSection(SolutionProperties) = preSolution
		HideSolutionNode = FALSE
	EndGlobalSection
	GlobalSection(ExtensibilityGlobals) = postSolution
		SolutionGuid = {2DEABB26-53EF-4D94-BF33-EB991B379135}
	EndGlobalSection
EndGlobal
